// !$*UTF8*$!
{
	archiveVersion = 1;
	classes = {
	};
	objectVersion = 51;
	objects = {

/* Begin PBXBuildFile section */
		349DD1AD1B7847B54310D7BA /* Pods_HealthMe.framework in Frameworks */ = {isa = PBXBuildFile; fileRef = BF09F5B8D48FA1AE5497FAC3 /* Pods_HealthMe.framework */; };
		AA4249A52609614C0088163E /* HealthMeApp.swift in Sources */ = {isa = PBXBuildFile; fileRef = AA4249A42609614C0088163E /* HealthMeApp.swift */; };
		AA4249A72609614C0088163E /* ContentView.swift in Sources */ = {isa = PBXBuildFile; fileRef = AA4249A62609614C0088163E /* ContentView.swift */; };
		AA4249A9260961500088163E /* Assets.xcassets in Resources */ = {isa = PBXBuildFile; fileRef = AA4249A8260961500088163E /* Assets.xcassets */; };
		AA4249AC260961500088163E /* Preview Assets.xcassets in Resources */ = {isa = PBXBuildFile; fileRef = AA4249AB260961500088163E /* Preview Assets.xcassets */; };
		AA4249B5260961820088163E /* FirstScreen.swift in Sources */ = {isa = PBXBuildFile; fileRef = AA4249B4260961820088163E /* FirstScreen.swift */; };
		AA4249B92609B2A10088163E /* DataEntryView.swift in Sources */ = {isa = PBXBuildFile; fileRef = AA4249B82609B2A10088163E /* DataEntryView.swift */; };
		AA48333F2643307400D2E7A0 /* ViewManager.swift in Sources */ = {isa = PBXBuildFile; fileRef = AA48333E2643307400D2E7A0 /* ViewManager.swift */; };
		AA483341264502F400D2E7A0 /* GoogleService-Info.plist in Resources */ = {isa = PBXBuildFile; fileRef = AA483340264502F300D2E7A0 /* GoogleService-Info.plist */; };
		AA4833432646381200D2E7A0 /* LoginView.swift in Sources */ = {isa = PBXBuildFile; fileRef = AA4833422646381200D2E7A0 /* LoginView.swift */; };
		AA4833452647201300D2E7A0 /* RegistrationView.swift in Sources */ = {isa = PBXBuildFile; fileRef = AA4833442647201300D2E7A0 /* RegistrationView.swift */; };
		AA6386BA2641E029007839C2 /* User.swift in Sources */ = {isa = PBXBuildFile; fileRef = AA6386B92641E029007839C2 /* User.swift */; };
/* End PBXBuildFile section */

/* Begin PBXFileReference section */
		1CA896E9B845E8898D6187C9 /* Pods-HealthMe.release.xcconfig */ = {isa = PBXFileReference; includeInIndex = 1; lastKnownFileType = text.xcconfig; name = "Pods-HealthMe.release.xcconfig"; path = "Target Support Files/Pods-HealthMe/Pods-HealthMe.release.xcconfig"; sourceTree = "<group>"; };
		3060A49E3DBBACC867B39B07 /* Pods-HealthMe.debug.xcconfig */ = {isa = PBXFileReference; includeInIndex = 1; lastKnownFileType = text.xcconfig; name = "Pods-HealthMe.debug.xcconfig"; path = "Target Support Files/Pods-HealthMe/Pods-HealthMe.debug.xcconfig"; sourceTree = "<group>"; };
		AA4249A12609614C0088163E /* HealthMe.app */ = {isa = PBXFileReference; explicitFileType = wrapper.application; includeInIndex = 0; path = HealthMe.app; sourceTree = BUILT_PRODUCTS_DIR; };
		AA4249A42609614C0088163E /* HealthMeApp.swift */ = {isa = PBXFileReference; lastKnownFileType = sourcecode.swift; path = HealthMeApp.swift; sourceTree = "<group>"; };
		AA4249A62609614C0088163E /* ContentView.swift */ = {isa = PBXFileReference; lastKnownFileType = sourcecode.swift; path = ContentView.swift; sourceTree = "<group>"; };
		AA4249A8260961500088163E /* Assets.xcassets */ = {isa = PBXFileReference; lastKnownFileType = folder.assetcatalog; path = Assets.xcassets; sourceTree = "<group>"; };
		AA4249AB260961500088163E /* Preview Assets.xcassets */ = {isa = PBXFileReference; lastKnownFileType = folder.assetcatalog; path = "Preview Assets.xcassets"; sourceTree = "<group>"; };
		AA4249AD260961500088163E /* Info.plist */ = {isa = PBXFileReference; lastKnownFileType = text.plist.xml; path = Info.plist; sourceTree = "<group>"; };
		AA4249B4260961820088163E /* FirstScreen.swift */ = {isa = PBXFileReference; lastKnownFileType = sourcecode.swift; path = FirstScreen.swift; sourceTree = "<group>"; };
		AA4249B82609B2A10088163E /* DataEntryView.swift */ = {isa = PBXFileReference; lastKnownFileType = sourcecode.swift; path = DataEntryView.swift; sourceTree = "<group>"; };
		AA48333E2643307400D2E7A0 /* ViewManager.swift */ = {isa = PBXFileReference; lastKnownFileType = sourcecode.swift; path = ViewManager.swift; sourceTree = "<group>"; };
		AA483340264502F300D2E7A0 /* GoogleService-Info.plist */ = {isa = PBXFileReference; fileEncoding = 4; lastKnownFileType = text.plist.xml; path = "GoogleService-Info.plist"; sourceTree = "<group>"; };
		AA4833422646381200D2E7A0 /* LoginView.swift */ = {isa = PBXFileReference; lastKnownFileType = sourcecode.swift; path = LoginView.swift; sourceTree = "<group>"; };
		AA4833442647201300D2E7A0 /* RegistrationView.swift */ = {isa = PBXFileReference; lastKnownFileType = sourcecode.swift; path = RegistrationView.swift; sourceTree = "<group>"; };
		AA6386B92641E029007839C2 /* User.swift */ = {isa = PBXFileReference; lastKnownFileType = sourcecode.swift; path = User.swift; sourceTree = "<group>"; };
		BF09F5B8D48FA1AE5497FAC3 /* Pods_HealthMe.framework */ = {isa = PBXFileReference; explicitFileType = wrapper.framework; includeInIndex = 0; path = Pods_HealthMe.framework; sourceTree = BUILT_PRODUCTS_DIR; };
/* End PBXFileReference section */

/* Begin PBXFrameworksBuildPhase section */
		AA42499E2609614C0088163E /* Frameworks */ = {
			isa = PBXFrameworksBuildPhase;
			buildActionMask = 2147483647;
			files = (
				349DD1AD1B7847B54310D7BA /* Pods_HealthMe.framework in Frameworks */,
			);
			runOnlyForDeploymentPostprocessing = 0;
		};
/* End PBXFrameworksBuildPhase section */

/* Begin PBXGroup section */
		AA4249982609614C0088163E = {
			isa = PBXGroup;
			children = (
				AA4249A32609614C0088163E /* HealthMeFolder */,
				AA4249A22609614C0088163E /* Products */,
				C9271CD5CD150513E9ECB4CB /* Pods */,
				B4D4B2BA99642DEEAEF3FB3C /* Frameworks */,
			);
			sourceTree = "<group>";
		};
		AA4249A22609614C0088163E /* Products */ = {
			isa = PBXGroup;
			children = (
				AA4249A12609614C0088163E /* HealthMe.app */,
			);
			name = Products;
			sourceTree = "<group>";
		};
		AA4249A32609614C0088163E /* HealthMeFolder */ = {
			isa = PBXGroup;
			children = (
				AA4249A42609614C0088163E /* HealthMeApp.swift */,
				AA4249A62609614C0088163E /* ContentView.swift */,
				AA4249A8260961500088163E /* Assets.xcassets */,
				AA4249AD260961500088163E /* Info.plist */,
				AA4249AA260961500088163E /* Preview Content */,
				AA4249B4260961820088163E /* FirstScreen.swift */,
				AA4249B82609B2A10088163E /* DataEntryView.swift */,
				AA6386B92641E029007839C2 /* User.swift */,
				AA483340264502F300D2E7A0 /* GoogleService-Info.plist */,
				AA48333E2643307400D2E7A0 /* ViewManager.swift */,
				AA4833422646381200D2E7A0 /* LoginView.swift */,
				AA4833442647201300D2E7A0 /* RegistrationView.swift */,
			);
			path = HealthMeFolder;
			sourceTree = "<group>";
		};
		AA4249AA260961500088163E /* Preview Content */ = {
			isa = PBXGroup;
			children = (
				AA4249AB260961500088163E /* Preview Assets.xcassets */,
			);
			path = "Preview Content";
			sourceTree = "<group>";
		};
		B4D4B2BA99642DEEAEF3FB3C /* Frameworks */ = {
			isa = PBXGroup;
			children = (
				BF09F5B8D48FA1AE5497FAC3 /* Pods_HealthMe.framework */,
			);
			name = Frameworks;
			sourceTree = "<group>";
		};
		C9271CD5CD150513E9ECB4CB /* Pods */ = {
			isa = PBXGroup;
			children = (
				3060A49E3DBBACC867B39B07 /* Pods-HealthMe.debug.xcconfig */,
				1CA896E9B845E8898D6187C9 /* Pods-HealthMe.release.xcconfig */,
			);
			path = Pods;
			sourceTree = "<group>";
		};
/* End PBXGroup section */

/* Begin PBXNativeTarget section */
		AA4249A02609614C0088163E /* HealthMe */ = {
			isa = PBXNativeTarget;
			buildConfigurationList = AA4249B0260961500088163E /* Build configuration list for PBXNativeTarget "HealthMe" */;
			buildPhases = (
				DF8FAC9E8384973AF71C6AC2 /* [CP] Check Pods Manifest.lock */,
				AA42499D2609614C0088163E /* Sources */,
				AA42499E2609614C0088163E /* Frameworks */,
				AA42499F2609614C0088163E /* Resources */,
				BF4569A0C3B1D43B10B939E0 /* [CP] Embed Pods Frameworks */,
			);
			buildRules = (
			);
			dependencies = (
			);
			name = HealthMe;
			productName = CMPE_131_UI;
			productReference = AA4249A12609614C0088163E /* HealthMe.app */;
			productType = "com.apple.product-type.application";
		};
/* End PBXNativeTarget section */

/* Begin PBXProject section */
		AA4249992609614C0088163E /* Project object */ = {
			isa = PBXProject;
			attributes = {
				LastSwiftUpdateCheck = 1240;
				LastUpgradeCheck = 1240;
				TargetAttributes = {
					AA4249A02609614C0088163E = {
						CreatedOnToolsVersion = 12.4;
					};
				};
			};
			buildConfigurationList = AA42499C2609614C0088163E /* Build configuration list for PBXProject "HealthMe" */;
			compatibilityVersion = "Xcode 9.3";
			developmentRegion = en;
			hasScannedForEncodings = 0;
			knownRegions = (
				en,
				Base,
			);
			mainGroup = AA4249982609614C0088163E;
			productRefGroup = AA4249A22609614C0088163E /* Products */;
			projectDirPath = "";
			projectRoot = "";
			targets = (
				AA4249A02609614C0088163E /* HealthMe */,
			);
		};
/* End PBXProject section */

/* Begin PBXResourcesBuildPhase section */
		AA42499F2609614C0088163E /* Resources */ = {
			isa = PBXResourcesBuildPhase;
			buildActionMask = 2147483647;
			files = (
				AA4249AC260961500088163E /* Preview Assets.xcassets in Resources */,
				AA4249A9260961500088163E /* Assets.xcassets in Resources */,
				AA483341264502F400D2E7A0 /* GoogleService-Info.plist in Resources */,
			);
			runOnlyForDeploymentPostprocessing = 0;
		};
/* End PBXResourcesBuildPhase section */

/* Begin PBXShellScriptBuildPhase section */
		BF4569A0C3B1D43B10B939E0 /* [CP] Embed Pods Frameworks */ = {
			isa = PBXShellScriptBuildPhase;
			buildActionMask = 2147483647;
			files = (
			);
			inputFileListPaths = (
				"${PODS_ROOT}/Target Support Files/Pods-HealthMe/Pods-HealthMe-frameworks-${CONFIGURATION}-input-files.xcfilelist",
			);
			name = "[CP] Embed Pods Frameworks";
			outputFileListPaths = (
				"${PODS_ROOT}/Target Support Files/Pods-HealthMe/Pods-HealthMe-frameworks-${CONFIGURATION}-output-files.xcfilelist",
			);
			runOnlyForDeploymentPostprocessing = 0;
			shellPath = /bin/sh;
			shellScript = "\"${PODS_ROOT}/Target Support Files/Pods-HealthMe/Pods-HealthMe-frameworks.sh\"\n";
			showEnvVarsInLog = 0;
		};
		DF8FAC9E8384973AF71C6AC2 /* [CP] Check Pods Manifest.lock */ = {
			isa = PBXShellScriptBuildPhase;
			buildActionMask = 2147483647;
			files = (
			);
			inputFileListPaths = (
			);
			inputPaths = (
				"${PODS_PODFILE_DIR_PATH}/Podfile.lock",
				"${PODS_ROOT}/Manifest.lock",
			);
			name = "[CP] Check Pods Manifest.lock";
			outputFileListPaths = (
			);
			outputPaths = (
				"$(DERIVED_FILE_DIR)/Pods-HealthMe-checkManifestLockResult.txt",
			);
			runOnlyForDeploymentPostprocessing = 0;
			shellPath = /bin/sh;
			shellScript = "diff \"${PODS_PODFILE_DIR_PATH}/Podfile.lock\" \"${PODS_ROOT}/Manifest.lock\" > /dev/null\nif [ $? != 0 ] ; then\n    # print error to STDERR\n    echo \"error: The sandbox is not in sync with the Podfile.lock. Run 'pod install' or update your CocoaPods installation.\" >&2\n    exit 1\nfi\n# This output is used by Xcode 'outputs' to avoid re-running this script phase.\necho \"SUCCESS\" > \"${SCRIPT_OUTPUT_FILE_0}\"\n";
			showEnvVarsInLog = 0;
		};
/* End PBXShellScriptBuildPhase section */

/* Begin PBXSourcesBuildPhase section */
		AA42499D2609614C0088163E /* Sources */ = {
			isa = PBXSourcesBuildPhase;
			buildActionMask = 2147483647;
			files = (
				AA48333F2643307400D2E7A0 /* ViewManager.swift in Sources */,
				AA4833432646381200D2E7A0 /* LoginView.swift in Sources */,
				AA4249A72609614C0088163E /* ContentView.swift in Sources */,
				AA4249B92609B2A10088163E /* DataEntryView.swift in Sources */,
				AA4249B5260961820088163E /* FirstScreen.swift in Sources */,
				AA6386BA2641E029007839C2 /* User.swift in Sources */,
				AA4249A52609614C0088163E /* HealthMeApp.swift in Sources */,
				AA4833452647201300D2E7A0 /* RegistrationView.swift in Sources */,
			);
			runOnlyForDeploymentPostprocessing = 0;
		};
/* End PBXSourcesBuildPhase section */

/* Begin XCBuildConfiguration section */
		AA4249AE260961500088163E /* Debug */ = {
			isa = XCBuildConfiguration;
			buildSettings = {
				ALWAYS_SEARCH_USER_PATHS = NO;
				CLANG_ANALYZER_NONNULL = YES;
				CLANG_ANALYZER_NUMBER_OBJECT_CONVERSION = YES_AGGRESSIVE;
				CLANG_CXX_LANGUAGE_STANDARD = "gnu++14";
				CLANG_CXX_LIBRARY = "libc++";
				CLANG_ENABLE_MODULES = YES;
				CLANG_ENABLE_OBJC_ARC = YES;
				CLANG_ENABLE_OBJC_WEAK = YES;
				CLANG_WARN_BLOCK_CAPTURE_AUTORELEASING = YES;
				CLANG_WARN_BOOL_CONVERSION = YES;
				CLANG_WARN_COMMA = YES;
				CLANG_WARN_CONSTANT_CONVERSION = YES;
				CLANG_WARN_DEPRECATED_OBJC_IMPLEMENTATIONS = YES;
				CLANG_WARN_DIRECT_OBJC_ISA_USAGE = YES_ERROR;
				CLANG_WARN_DOCUMENTATION_COMMENTS = YES;
				CLANG_WARN_EMPTY_BODY = YES;
				CLANG_WARN_ENUM_CONVERSION = YES;
				CLANG_WARN_INFINITE_RECURSION = YES;
				CLANG_WARN_INT_CONVERSION = YES;
				CLANG_WARN_NON_LITERAL_NULL_CONVERSION = YES;
				CLANG_WARN_OBJC_IMPLICIT_RETAIN_SELF = YES;
				CLANG_WARN_OBJC_LITERAL_CONVERSION = YES;
				CLANG_WARN_OBJC_ROOT_CLASS = YES_ERROR;
				CLANG_WARN_QUOTED_INCLUDE_IN_FRAMEWORK_HEADER = YES;
				CLANG_WARN_RANGE_LOOP_ANALYSIS = YES;
				CLANG_WARN_STRICT_PROTOTYPES = YES;
				CLANG_WARN_SUSPICIOUS_MOVE = YES;
				CLANG_WARN_UNGUARDED_AVAILABILITY = YES_AGGRESSIVE;
				CLANG_WARN_UNREACHABLE_CODE = YES;
				CLANG_WARN__DUPLICATE_METHOD_MATCH = YES;
				COPY_PHASE_STRIP = NO;
				DEBUG_INFORMATION_FORMAT = dwarf;
				ENABLE_STRICT_OBJC_MSGSEND = YES;
				ENABLE_TESTABILITY = YES;
				GCC_C_LANGUAGE_STANDARD = gnu11;
				GCC_DYNAMIC_NO_PIC = NO;
				GCC_NO_COMMON_BLOCKS = YES;
				GCC_OPTIMIZATION_LEVEL = 0;
				GCC_PREPROCESSOR_DEFINITIONS = (
					"DEBUG=1",
					"$(inherited)",
				);
				GCC_WARN_64_TO_32_BIT_CONVERSION = YES;
				GCC_WARN_ABOUT_RETURN_TYPE = YES_ERROR;
				GCC_WARN_UNDECLARED_SELECTOR = YES;
				GCC_WARN_UNINITIALIZED_AUTOS = YES_AGGRESSIVE;
				GCC_WARN_UNUSED_FUNCTION = YES;
				GCC_WARN_UNUSED_VARIABLE = YES;
				IPHONEOS_DEPLOYMENT_TARGET = 14.4;
				MTL_ENABLE_DEBUG_INFO = INCLUDE_SOURCE;
				MTL_FAST_MATH = YES;
				ONLY_ACTIVE_ARCH = YES;
				SDKROOT = iphoneos;
				SWIFT_ACTIVE_COMPILATION_CONDITIONS = DEBUG;
				SWIFT_OPTIMIZATION_LEVEL = "-Onone";
			};
			name = Debug;
		};
		AA4249AF260961500088163E /* Release */ = {
			isa = XCBuildConfiguration;
			buildSettings = {
				ALWAYS_SEARCH_USER_PATHS = NO;
				CLANG_ANALYZER_NONNULL = YES;
				CLANG_ANALYZER_NUMBER_OBJECT_CONVERSION = YES_AGGRESSIVE;
				CLANG_CXX_LANGUAGE_STANDARD = "gnu++14";
				CLANG_CXX_LIBRARY = "libc++";
				CLANG_ENABLE_MODULES = YES;
				CLANG_ENABLE_OBJC_ARC = YES;
				CLANG_ENABLE_OBJC_WEAK = YES;
				CLANG_WARN_BLOCK_CAPTURE_AUTORELEASING = YES;
				CLANG_WARN_BOOL_CONVERSION = YES;
				CLANG_WARN_COMMA = YES;
				CLANG_WARN_CONSTANT_CONVERSION = YES;
				CLANG_WARN_DEPRECATED_OBJC_IMPLEMENTATIONS = YES;
				CLANG_WARN_DIRECT_OBJC_ISA_USAGE = YES_ERROR;
				CLANG_WARN_DOCUMENTATION_COMMENTS = YES;
				CLANG_WARN_EMPTY_BODY = YES;
				CLANG_WARN_ENUM_CONVERSION = YES;
				CLANG_WARN_INFINITE_RECURSION = YES;
				CLANG_WARN_INT_CONVERSION = YES;
				CLANG_WARN_NON_LITERAL_NULL_CONVERSION = YES;
				CLANG_WARN_OBJC_IMPLICIT_RETAIN_SELF = YES;
				CLANG_WARN_OBJC_LITERAL_CONVERSION = YES;
				CLANG_WARN_OBJC_ROOT_CLASS = YES_ERROR;
				CLANG_WARN_QUOTED_INCLUDE_IN_FRAMEWORK_HEADER = YES;
				CLANG_WARN_RANGE_LOOP_ANALYSIS = YES;
				CLANG_WARN_STRICT_PROTOTYPES = YES;
				CLANG_WARN_SUSPICIOUS_MOVE = YES;
				CLANG_WARN_UNGUARDED_AVAILABILITY = YES_AGGRESSIVE;
				CLANG_WARN_UNREACHABLE_CODE = YES;
				CLANG_WARN__DUPLICATE_METHOD_MATCH = YES;
				COPY_PHASE_STRIP = NO;
				DEBUG_INFORMATION_FORMAT = "dwarf-with-dsym";
				ENABLE_NS_ASSERTIONS = NO;
				ENABLE_STRICT_OBJC_MSGSEND = YES;
				GCC_C_LANGUAGE_STANDARD = gnu11;
				GCC_NO_COMMON_BLOCKS = YES;
				GCC_WARN_64_TO_32_BIT_CONVERSION = YES;
				GCC_WARN_ABOUT_RETURN_TYPE = YES_ERROR;
				GCC_WARN_UNDECLARED_SELECTOR = YES;
				GCC_WARN_UNINITIALIZED_AUTOS = YES_AGGRESSIVE;
				GCC_WARN_UNUSED_FUNCTION = YES;
				GCC_WARN_UNUSED_VARIABLE = YES;
				IPHONEOS_DEPLOYMENT_TARGET = 14.4;
				MTL_ENABLE_DEBUG_INFO = NO;
				MTL_FAST_MATH = YES;
				SDKROOT = iphoneos;
				SWIFT_COMPILATION_MODE = wholemodule;
				SWIFT_OPTIMIZATION_LEVEL = "-O";
				VALIDATE_PRODUCT = YES;
			};
			name = Release;
		};
		AA4249B1260961500088163E /* Debug */ = {
			isa = XCBuildConfiguration;
			baseConfigurationReference = 3060A49E3DBBACC867B39B07 /* Pods-HealthMe.debug.xcconfig */;
			buildSettings = {
				ASSETCATALOG_COMPILER_APPICON_NAME = AppIcon;
				ASSETCATALOG_COMPILER_GLOBAL_ACCENT_COLOR_NAME = AccentColor;
				CODE_SIGN_STYLE = Automatic;
				DEVELOPMENT_ASSET_PATHS = "\"HealthmeFolder/Preview Content\"";
				DEVELOPMENT_TEAM = PC8D4A24P4;
				ENABLE_PREVIEWS = YES;
				INFOPLIST_FILE = HealthMeFolder/Info.plist;
				IPHONEOS_DEPLOYMENT_TARGET = 14.0;
				LD_RUNPATH_SEARCH_PATHS = (
					"$(inherited)",
					"@executable_path/Frameworks",
				);
				PRODUCT_BUNDLE_IDENTIFIER = com.asluis.HealthMeFolder;
				PRODUCT_NAME = "$(TARGET_NAME)";
				SWIFT_VERSION = 5.0;
				TARGETED_DEVICE_FAMILY = "1,2";
			};
			name = Debug;
		};
		AA4249B2260961500088163E /* Release */ = {
			isa = XCBuildConfiguration;
			baseConfigurationReference = 1CA896E9B845E8898D6187C9 /* Pods-HealthMe.release.xcconfig */;
			buildSettings = {
				ASSETCATALOG_COMPILER_APPICON_NAME = AppIcon;
				ASSETCATALOG_COMPILER_GLOBAL_ACCENT_COLOR_NAME = AccentColor;
				CODE_SIGN_STYLE = Automatic;
				DEVELOPMENT_ASSET_PATHS = "\"HealthmeFolder/Preview Content\"";
				DEVELOPMENT_TEAM = PC8D4A24P4;
				ENABLE_PREVIEWS = YES;
				INFOPLIST_FILE = HealthMeFolder/Info.plist;
				IPHONEOS_DEPLOYMENT_TARGET = 14.0;
				LD_RUNPATH_SEARCH_PATHS = (
					"$(inherited)",
					"@executable_path/Frameworks",
				);
				PRODUCT_BUNDLE_IDENTIFIER = com.asluis.HealthMeFolder;
				PRODUCT_NAME = "$(TARGET_NAME)";
				SWIFT_VERSION = 5.0;
				TARGETED_DEVICE_FAMILY = "1,2";
			};
			name = Release;
		};
/* End XCBuildConfiguration section */

/* Begin XCConfigurationList section */
		AA42499C2609614C0088163E /* Build configuration list for PBXProject "HealthMe" */ = {
			isa = XCConfigurationList;
			buildConfigurations = (
				AA4249AE260961500088163E /* Debug */,
				AA4249AF260961500088163E /* Release */,
			);
			defaultConfigurationIsVisible = 0;
			defaultConfigurationName = Release;
		};
		AA4249B0260961500088163E /* Build configuration list for PBXNativeTarget "HealthMe" */ = {
			isa = XCConfigurationList;
			buildConfigurations = (
				AA4249B1260961500088163E /* Debug */,
				AA4249B2260961500088163E /* Release */,
			);
			defaultConfigurationIsVisible = 0;
			defaultConfigurationName = Release;
		};
/* End XCConfigurationList section */
	};
	rootObject = AA4249992609614C0088163E /* Project object */;
}
